
Microsoft Visual Studio Solution File, Format Version 12.00
# Visual Studio Version 17
VisualStudioVersion = 17.14.36429.23 d17.14
MinimumVisualStudioVersion = 10.0.40219.1
Project("{FAE04EC0-301F-11D3-BF4B-00C04F79EFBC}") = "Assign5", "Assign5.csproj", "{DD6B2CE3-1946-4061-B774-9A3F9A5E66ED}"
EndProject
Global
	GlobalSection(SolutionConfigurationPlatforms) = preSolution
		Debug|Any CPU = Debug|Any CPU
		Release|Any CPU = Release|Any CPU
	EndGlobalSection
	GlobalSection(ProjectConfigurationPlatforms) = postSolution
		{DD6B2CE3-1946-4061-B774-9A3F9A5E66ED}.Debug|Any CPU.ActiveCfg = Debug|Any CPU
		{DD6B2CE3-1946-4061-B774-9A3F9A5E66ED}.Debug|Any CPU.Build.0 = Debug|Any CPU
		{DD6B2CE3-1946-4061-B774-9A3F9A5E66ED}.Release|Any CPU.ActiveCfg = Release|Any CPU
		{DD6B2CE3-1946-4061-B774-9A3F9A5E66ED}.Release|Any CPU.Build.0 = Release|Any CPU
	EndGlobalSection
	GlobalSection(SolutionProperties) = preSolution
		HideSolutionNode = FALSE
	EndGlobalSection
	GlobalSection(ExtensibilityGlobals) = postSolution
		SolutionGuid = {D48E51B5-BEBA-4374-979E-789650AA1BE0}
	EndGlobalSection
EndGlobal
